
Microsoft Visual Studio Solution File, Format Version 12.00
# Visual Studio 14
VisualStudioVersion = 14.0.25420.1
MinimumVisualStudioVersion = 14.0.24720.0
Project("{FAE04EC0-301F-11D3-BF4B-00C04F79EFBC}") = "Publicity", "Publicity\Publicity.csproj", "{1F6B5007-4CBD-414B-A0E8-1C91AF35A677}"
EndProject
Project("{FAE04EC0-301F-11D3-BF4B-00C04F79EFBC}") = "Publicity.Tests", "Publicity.Tests\Publicity.Tests.csproj", "{9F054C8C-042C-4E0D-B339-0BD7B930572F}"
EndProject
Global
	GlobalSection(SolutionConfigurationPlatforms) = preSolution
		Debug|Any CPU = Debug|Any CPU
		Release|Any CPU = Release|Any CPU
	EndGlobalSection
	GlobalSection(ProjectConfigurationPlatforms) = postSolution
		{1F6B5007-4CBD-414B-A0E8-1C91AF35A677}.Debug|Any CPU.ActiveCfg = Debug|Any CPU
		{1F6B5007-4CBD-414B-A0E8-1C91AF35A677}.Debug|Any CPU.Build.0 = Debug|Any CPU
		{1F6B5007-4CBD-414B-A0E8-1C91AF35A677}.Release|Any CPU.ActiveCfg = Release|Any CPU
		{1F6B5007-4CBD-414B-A0E8-1C91AF35A677}.Release|Any CPU.Build.0 = Release|Any CPU
		{9F054C8C-042C-4E0D-B339-0BD7B930572F}.Debug|Any CPU.ActiveCfg = Debug|Any CPU
		{9F054C8C-042C-4E0D-B339-0BD7B930572F}.Debug|Any CPU.Build.0 = Debug|Any CPU
		{9F054C8C-042C-4E0D-B339-0BD7B930572F}.Release|Any CPU.ActiveCfg = Release|Any CPU
		{9F054C8C-042C-4E0D-B339-0BD7B930572F}.Release|Any CPU.Build.0 = Release|Any CPU
	EndGlobalSection
	GlobalSection(SolutionProperties) = preSolution
		HideSolutionNode = FALSE
	EndGlobalSection
EndGlobal
